
Microsoft Visual Studio Solution File, Format Version 12.00
# Visual Studio 15
VisualStudioVersion = 15.0.28307.489
MinimumVisualStudioVersion = 10.0.40219.1
Project("{9A19103F-16F7-4668-BE54-9A1E7A4F7556}") = "cdss-app-statemod-cs", "..\cdss-app-statemod-cs.csproj", "{87C3B8CD-4C58-487F-934F-AD37F2ACA97A}"
EndProject
Project("{9A19103F-16F7-4668-BE54-9A1E7A4F7556}") = "cdss-lib-cdss-cs", "..\..\cdss-lib-cdss-cs\cdss-lib-cdss-cs.csproj", "{55087D31-EF8B-4527-8762-3AE040090049}"
EndProject
Project("{9A19103F-16F7-4668-BE54-9A1E7A4F7556}") = "cdss-lib-common-cs", "..\..\cdss-lib-common-cs\cdss-lib-common-cs.csproj", "{8F5B21E5-10FD-47CE-880D-6EA4C3A7DE87}"
EndProject
Project("{9A19103F-16F7-4668-BE54-9A1E7A4F7556}") = "cdss-lib-models-cs", "..\..\cdss-lib-models-cs\cdss-lib-models-cs.csproj", "{3D085A22-0F28-497D-A149-11F25107E461}"
EndProject
Project("{840C416C-B8F3-42BC-B0DD-F6BB14C9F8CB}") = "StateMod_Installer", "StateMod_Installer\StateMod_Installer.aiproj", "{BE16D2C2-14E9-4AC1-8BE8-734BA899567B}"
EndProject
Global
	GlobalSection(SolutionConfigurationPlatforms) = preSolution
		All|Any CPU = All|Any CPU
		Debug|Any CPU = Debug|Any CPU
		Release|Any CPU = Release|Any CPU
	EndGlobalSection
	GlobalSection(ProjectConfigurationPlatforms) = postSolution
		{87C3B8CD-4C58-487F-934F-AD37F2ACA97A}.All|Any CPU.ActiveCfg = Release|Any CPU
		{87C3B8CD-4C58-487F-934F-AD37F2ACA97A}.All|Any CPU.Build.0 = Release|Any CPU
		{87C3B8CD-4C58-487F-934F-AD37F2ACA97A}.Debug|Any CPU.ActiveCfg = Debug|Any CPU
		{87C3B8CD-4C58-487F-934F-AD37F2ACA97A}.Debug|Any CPU.Build.0 = Debug|Any CPU
		{87C3B8CD-4C58-487F-934F-AD37F2ACA97A}.Release|Any CPU.ActiveCfg = Release|Any CPU
		{87C3B8CD-4C58-487F-934F-AD37F2ACA97A}.Release|Any CPU.Build.0 = Release|Any CPU
		{55087D31-EF8B-4527-8762-3AE040090049}.All|Any CPU.ActiveCfg = Release|Any CPU
		{55087D31-EF8B-4527-8762-3AE040090049}.All|Any CPU.Build.0 = Release|Any CPU
		{55087D31-EF8B-4527-8762-3AE040090049}.Debug|Any CPU.ActiveCfg = Debug|Any CPU
		{55087D31-EF8B-4527-8762-3AE040090049}.Debug|Any CPU.Build.0 = Debug|Any CPU
		{55087D31-EF8B-4527-8762-3AE040090049}.Release|Any CPU.ActiveCfg = Release|Any CPU
		{55087D31-EF8B-4527-8762-3AE040090049}.Release|Any CPU.Build.0 = Release|Any CPU
		{8F5B21E5-10FD-47CE-880D-6EA4C3A7DE87}.All|Any CPU.ActiveCfg = Release|Any CPU
		{8F5B21E5-10FD-47CE-880D-6EA4C3A7DE87}.All|Any CPU.Build.0 = Release|Any CPU
		{8F5B21E5-10FD-47CE-880D-6EA4C3A7DE87}.Debug|Any CPU.ActiveCfg = Debug|Any CPU
		{8F5B21E5-10FD-47CE-880D-6EA4C3A7DE87}.Debug|Any CPU.Build.0 = Debug|Any CPU
		{8F5B21E5-10FD-47CE-880D-6EA4C3A7DE87}.Release|Any CPU.ActiveCfg = Release|Any CPU
		{8F5B21E5-10FD-47CE-880D-6EA4C3A7DE87}.Release|Any CPU.Build.0 = Release|Any CPU
		{3D085A22-0F28-497D-A149-11F25107E461}.All|Any CPU.ActiveCfg = Release|Any CPU
		{3D085A22-0F28-497D-A149-11F25107E461}.All|Any CPU.Build.0 = Release|Any CPU
		{3D085A22-0F28-497D-A149-11F25107E461}.Debug|Any CPU.ActiveCfg = Debug|Any CPU
		{3D085A22-0F28-497D-A149-11F25107E461}.Debug|Any CPU.Build.0 = Debug|Any CPU
		{3D085A22-0F28-497D-A149-11F25107E461}.Release|Any CPU.ActiveCfg = Release|Any CPU
		{3D085A22-0F28-497D-A149-11F25107E461}.Release|Any CPU.Build.0 = Release|Any CPU
		{BE16D2C2-14E9-4AC1-8BE8-734BA899567B}.All|Any CPU.ActiveCfg = DefaultBuild
		{BE16D2C2-14E9-4AC1-8BE8-734BA899567B}.All|Any CPU.Build.0 = DefaultBuild
		{BE16D2C2-14E9-4AC1-8BE8-734BA899567B}.Debug|Any CPU.ActiveCfg = DefaultBuild
		{BE16D2C2-14E9-4AC1-8BE8-734BA899567B}.Debug|Any CPU.Build.0 = DefaultBuild
		{BE16D2C2-14E9-4AC1-8BE8-734BA899567B}.Release|Any CPU.ActiveCfg = DefaultBuild
		{BE16D2C2-14E9-4AC1-8BE8-734BA899567B}.Release|Any CPU.Build.0 = DefaultBuild
	EndGlobalSection
	GlobalSection(SolutionProperties) = preSolution
		HideSolutionNode = FALSE
	EndGlobalSection
	GlobalSection(ExtensibilityGlobals) = postSolution
		SolutionGuid = {81DE31E3-7722-48D6-A815-2CBAC7889C0A}
	EndGlobalSection
EndGlobal
